{
    "_readme": [
        "This file locks the dependencies of your project to a known state",
        "Read more about it at https://getcomposer.org/doc/01-basic-usage.md#installing-dependencies",
        "This file is @generated automatically"
    ],
    "content-hash": "220f36003c51188f5318ffb8d71e12d8",
    "packages": [],
    "packages-dev": [
        {
            "name": "guzzlehttp/promises",
            "version": "v1.3.1",
            "source": {
                "type": "git",
                "url": "https://github.com/guzzle/promises.git",
                "reference": "a59da6cf61d80060647ff4d3eb2c03a2bc694646"
            },
            "dist": {
                "type": "zip",
                "url": "https://api.github.com/repos/guzzle/promises/zipball/a59da6cf61d80060647ff4d3eb2c03a2bc694646",
                "reference": "a59da6cf61d80060647ff4d3eb2c03a2bc694646",
                "shasum": ""
            },
            "require": {
                "php": ">=5.5.0"
            },
            "require-dev": {
                "phpunit/phpunit": "^4.0"
            },
            "type": "library",
            "extra": {
                "branch-alias": {
                    "dev-master": "1.4-dev"
                }
            },
            "autoload": {
                "psr-4": {
                    "GuzzleHttp\\Promise\\": "src/"
                },
                "files": [
                    "src/functions_include.php"
                ]
            },
            "notification-url": "https://packagist.org/downloads/",
            "license": [
                "MIT"
            ],
            "authors": [
                {
                    "name": "Michael Dowling",
                    "email": "mtdowling@gmail.com",
                    "homepage": "https://github.com/mtdowling"
                }
            ],
            "description": "Guzzle promises library",
            "keywords": [
                "promise"
            ],
            "time": "2016-12-20T10:07:11+00:00"
        },
        {
            "name": "mathsgod/graphql-php-directive-resolvers",
            "version": "1.0.0",
            "source": {
                "type": "git",
                "url": "https://github.com/mathsgod/graphql-php-directive-resolvers.git",
                "reference": "4f4fd48f30f9a2ecf3a61e0f6ca1e98854c871a0"
            },
            "dist": {
                "type": "zip",
                "url": "https://api.github.com/repos/mathsgod/graphql-php-directive-resolvers/zipball/4f4fd48f30f9a2ecf3a61e0f6ca1e98854c871a0",
                "reference": "4f4fd48f30f9a2ecf3a61e0f6ca1e98854c871a0",
                "shasum": ""
            },
            "require": {
                "guzzlehttp/promises": "^1.3",
                "webonyx/graphql-php": "^0.12.6"
            },
            "type": "library",
            "autoload": {
                "files": [
                    "src/function/function.php"
                ]
            },
            "notification-url": "https://packagist.org/downloads/",
            "authors": [
                {
                    "name": "Raymond Chong",
                    "email": "mathsgod@yahoo.com"
                }
            ],
            "time": "2019-01-11T04:48:34+00:00"
        },
        {
            "name": "mathsgod/r-graphql",
            "version": "1.2.4",
            "source": {
                "type": "git",
                "url": "https://mathsgod:9df64f890850ef93d948662630d719c3c69da5da@github.com/mathsgod/r-graphql.git",
                "reference": "3db7b6b7954ef9826230e6cffd2bfc213b572151"
            },
            "dist": {
                "type": "zip",
                "url": "https://raymond2.hostlink.com.hk/satis/web/dist/mathsgod/r-graphql/mathsgod-r-graphql-1.2.4-eb81d0.zip",
                "reference": "3db7b6b7954ef9826230e6cffd2bfc213b572151",
                "shasum": "d6b996dfda97dd606387d3de30ce2609a7c9da43"
            },
            "require": {
                "guzzlehttp/promises": "^1.3",
                "mathsgod/graphql-php-directive-resolvers": "^1.0",
                "webonyx/graphql-php": "^0.12.6"
            },
            "type": "library",
            "autoload": {
                "psr-4": {
                    "R\\GraphQL\\": "src/"
                }
            },
            "authors": [
                {
                    "name": "Raymond Chong",
                    "email": "raymond@hostlink.com.hk"
                }
            ],
            "description": "GraphQL for php",
            "time": "2019-10-15T04:46:21+00:00"
        },
        {
            "name": "webonyx/graphql-php",
            "version": "v0.12.6",
            "source": {
                "type": "git",
                "url": "https://github.com/webonyx/graphql-php.git",
                "reference": "4c545e5ec4fc37f6eb36c19f5a0e7feaf5979c95"
            },
            "dist": {
                "type": "zip",
                "url": "https://api.github.com/repos/webonyx/graphql-php/zipball/4c545e5ec4fc37f6eb36c19f5a0e7feaf5979c95",
                "reference": "4c545e5ec4fc37f6eb36c19f5a0e7feaf5979c95",
                "shasum": ""
            },
            "require": {
                "ext-mbstring": "*",
                "php": ">=5.6"
            },
            "require-dev": {
                "phpunit/phpunit": "^4.8",
                "psr/http-message": "^1.0",
                "react/promise": "2.*"
            },
            "suggest": {
                "psr/http-message": "To use standard GraphQL server",
                "react/promise": "To leverage async resolving on React PHP platform"
            },
            "type": "library",
            "autoload": {
                "psr-4": {
                    "GraphQL\\": "src/"
                }
            },
            "notification-url": "https://packagist.org/downloads/",
            "license": [
                "MIT"
            ],
            "description": "A PHP port of GraphQL reference implementation",
            "homepage": "https://github.com/webonyx/graphql-php",
            "keywords": [
                "api",
                "graphql"
            ],
            "time": "2018-09-02T14:59:54+00:00"
        }
    ],
    "aliases": [],
    "minimum-stability": "stable",
    "stability-flags": [],
    "prefer-stable": false,
    "prefer-lowest": false,
    "platform": [],
    "platform-dev": []
}
